// !$*UTF8*$!
{
	archiveVersion = 1;
	classes = {
	};
	objectVersion = 56;
	objects = {

/* Begin PBXBuildFile section */
		CE7D5736296AED4300D13497 /* RenoTrackerApp.swift in Sources */ = {isa = PBXBuildFile; fileRef = CE7D5735296AED4300D13497 /* RenoTrackerApp.swift */; };
		CE7D5738296AED4300D13497 /* ContentView.swift in Sources */ = {isa = PBXBuildFile; fileRef = CE7D5737296AED4300D13497 /* ContentView.swift */; };
		CE7D573A296AED4400D13497 /* Assets.xcassets in Resources */ = {isa = PBXBuildFile; fileRef = CE7D5739296AED4400D13497 /* Assets.xcassets */; };
		CE7D573E296AED4400D13497 /* Preview Assets.xcassets in Resources */ = {isa = PBXBuildFile; fileRef = CE7D573D296AED4400D13497 /* Preview Assets.xcassets */; };
		CE7D5748296AED4400D13497 /* RenoTrackerTests.swift in Sources */ = {isa = PBXBuildFile; fileRef = CE7D5747296AED4400D13497 /* RenoTrackerTests.swift */; };
		CE7D5752296AED4400D13497 /* RenoTrackerUITests.swift in Sources */ = {isa = PBXBuildFile; fileRef = CE7D5751296AED4400D13497 /* RenoTrackerUITests.swift */; };
		CE7D5754296AED4400D13497 /* RenoTrackerUITestsLaunchTests.swift in Sources */ = {isa = PBXBuildFile; fileRef = CE7D5753296AED4400D13497 /* RenoTrackerUITestsLaunchTests.swift */; };
/* End PBXBuildFile section */

/* Begin PBXContainerItemProxy section */
		CE7D5744296AED4400D13497 /* PBXContainerItemProxy */ = {
			isa = PBXContainerItemProxy;
			containerPortal = CE7D572A296AED4300D13497 /* Project object */;
			proxyType = 1;
			remoteGlobalIDString = CE7D5731296AED4300D13497;
			remoteInfo = RenoTracker;
		};
		CE7D574E296AED4400D13497 /* PBXContainerItemProxy */ = {
			isa = PBXContainerItemProxy;
			containerPortal = CE7D572A296AED4300D13497 /* Project object */;
			proxyType = 1;
			remoteGlobalIDString = CE7D5731296AED4300D13497;
			remoteInfo = RenoTracker;
		};
/* End PBXContainerItemProxy section */

/* Begin PBXFileReference section */
		CE7D5732296AED4300D13497 /* RenoTracker.app */ = {isa = PBXFileReference; explicitFileType = wrapper.application; includeInIndex = 0; path = RenoTracker.app; sourceTree = BUILT_PRODUCTS_DIR; };
		CE7D5735296AED4300D13497 /* RenoTrackerApp.swift */ = {isa = PBXFileReference; lastKnownFileType = sourcecode.swift; path = RenoTrackerApp.swift; sourceTree = "<group>"; };
		CE7D5737296AED4300D13497 /* ContentView.swift */ = {isa = PBXFileReference; lastKnownFileType = sourcecode.swift; path = ContentView.swift; sourceTree = "<group>"; };
		CE7D5739296AED4400D13497 /* Assets.xcassets */ = {isa = PBXFileReference; lastKnownFileType = folder.assetcatalog; path = Assets.xcassets; sourceTree = "<group>"; };
		CE7D573B296AED4400D13497 /* RenoTracker.entitlements */ = {isa = PBXFileReference; lastKnownFileType = text.plist.entitlements; path = RenoTracker.entitlements; sourceTree = "<group>"; };
		CE7D573D296AED4400D13497 /* Preview Assets.xcassets */ = {isa = PBXFileReference; lastKnownFileType = folder.assetcatalog; path = "Preview Assets.xcassets"; sourceTree = "<group>"; };
		CE7D5743296AED4400D13497 /* RenoTrackerTests.xctest */ = {isa = PBXFileReference; explicitFileType = wrapper.cfbundle; includeInIndex = 0; path = RenoTrackerTests.xctest; sourceTree = BUILT_PRODUCTS_DIR; };
		CE7D5747296AED4400D13497 /* RenoTrackerTests.swift */ = {isa = PBXFileReference; lastKnownFileType = sourcecode.swift; path = RenoTrackerTests.swift; sourceTree = "<group>"; };
		CE7D574D296AED4400D13497 /* RenoTrackerUITests.xctest */ = {isa = PBXFileReference; explicitFileType = wrapper.cfbundle; includeInIndex = 0; path = RenoTrackerUITests.xctest; sourceTree = BUILT_PRODUCTS_DIR; };
		CE7D5751296AED4400D13497 /* RenoTrackerUITests.swift */ = {isa = PBXFileReference; lastKnownFileType = sourcecode.swift; path = RenoTrackerUITests.swift; sourceTree = "<group>"; };
		CE7D5753296AED4400D13497 /* RenoTrackerUITestsLaunchTests.swift */ = {isa = PBXFileReference; lastKnownFileType = sourcecode.swift; path = RenoTrackerUITestsLaunchTests.swift; sourceTree = "<group>"; };
/* End PBXFileReference section */

/* Begin PBXFrameworksBuildPhase section */
		CE7D572F296AED4300D13497 /* Frameworks */ = {
			isa = PBXFrameworksBuildPhase;
			buildActionMask = 2147483647;
			files = (
			);
			runOnlyForDeploymentPostprocessing = 0;
		};
		CE7D5740296AED4400D13497 /* Frameworks */ = {
			isa = PBXFrameworksBuildPhase;
			buildActionMask = 2147483647;
			files = (
			);
			runOnlyForDeploymentPostprocessing = 0;
		};
		CE7D574A296AED4400D13497 /* Frameworks */ = {
			isa = PBXFrameworksBuildPhase;
			buildActionMask = 2147483647;
			files = (
			);
			runOnlyForDeploymentPostprocessing = 0;
		};
/* End PBXFrameworksBuildPhase section */

/* Begin PBXGroup section */
		CE7D5729296AED4300D13497 = {
			isa = PBXGroup;
			children = (
				CE7D5734296AED4300D13497 /* RenoTracker */,
				CE7D5746296AED4400D13497 /* RenoTrackerTests */,
				CE7D5750296AED4400D13497 /* RenoTrackerUITests */,
				CE7D5733296AED4300D13497 /* Products */,
			);
			sourceTree = "<group>";
		};
		CE7D5733296AED4300D13497 /* Products */ = {
			isa = PBXGroup;
			children = (
				CE7D5732296AED4300D13497 /* RenoTracker.app */,
				CE7D5743296AED4400D13497 /* RenoTrackerTests.xctest */,
				CE7D574D296AED4400D13497 /* RenoTrackerUITests.xctest */,
			);
			name = Products;
			sourceTree = "<group>";
		};
		CE7D5734296AED4300D13497 /* RenoTracker */ = {
			isa = PBXGroup;
			children = (
				CE7D5735296AED4300D13497 /* RenoTrackerApp.swift */,
				CE7D5737296AED4300D13497 /* ContentView.swift */,
				CE7D5739296AED4400D13497 /* Assets.xcassets */,
				CE7D573B296AED4400D13497 /* RenoTracker.entitlements */,
				CE7D573C296AED4400D13497 /* Preview Content */,
			);
			path = RenoTracker;
			sourceTree = "<group>";
		};
		CE7D573C296AED4400D13497 /* Preview Content */ = {
			isa = PBXGroup;
			children = (
				CE7D573D296AED4400D13497 /* Preview Assets.xcassets */,
			);
			path = "Preview Content";
			sourceTree = "<group>";
		};
		CE7D5746296AED4400D13497 /* RenoTrackerTests */ = {
			isa = PBXGroup;
			children = (
				CE7D5747296AED4400D13497 /* RenoTrackerTests.swift */,
			);
			path = RenoTrackerTests;
			sourceTree = "<group>";
		};
		CE7D5750296AED4400D13497 /* RenoTrackerUITests */ = {
			isa = PBXGroup;
			children = (
				CE7D5751296AED4400D13497 /* RenoTrackerUITests.swift */,
				CE7D5753296AED4400D13497 /* RenoTrackerUITestsLaunchTests.swift */,
			);
			path = RenoTrackerUITests;
			sourceTree = "<group>";
		};
/* End PBXGroup section */

/* Begin PBXNativeTarget section */
		CE7D5731296AED4300D13497 /* RenoTracker */ = {
			isa = PBXNativeTarget;
			buildConfigurationList = CE7D5757296AED4400D13497 /* Build configuration list for PBXNativeTarget "RenoTracker" */;
			buildPhases = (
				CE7D572E296AED4300D13497 /* Sources */,
				CE7D572F296AED4300D13497 /* Frameworks */,
				CE7D5730296AED4300D13497 /* Resources */,
			);
			buildRules = (
			);
			dependencies = (
			);
			name = RenoTracker;
			productName = RenoTracker;
			productReference = CE7D5732296AED4300D13497 /* RenoTracker.app */;
			productType = "com.apple.product-type.application";
		};
		CE7D5742296AED4400D13497 /* RenoTrackerTests */ = {
			isa = PBXNativeTarget;
			buildConfigurationList = CE7D575A296AED4400D13497 /* Build configuration list for PBXNativeTarget "RenoTrackerTests" */;
			buildPhases = (
				CE7D573F296AED4400D13497 /* Sources */,
				CE7D5740296AED4400D13497 /* Frameworks */,
				CE7D5741296AED4400D13497 /* Resources */,
			);
			buildRules = (
			);
			dependencies = (
				CE7D5745296AED4400D13497 /* PBXTargetDependency */,
			);
			name = RenoTrackerTests;
			productName = RenoTrackerTests;
			productReference = CE7D5743296AED4400D13497 /* RenoTrackerTests.xctest */;
			productType = "com.apple.product-type.bundle.unit-test";
		};
		CE7D574C296AED4400D13497 /* RenoTrackerUITests */ = {
			isa = PBXNativeTarget;
			buildConfigurationList = CE7D575D296AED4400D13497 /* Build configuration list for PBXNativeTarget "RenoTrackerUITests" */;
			buildPhases = (
				CE7D5749296AED4400D13497 /* Sources */,
				CE7D574A296AED4400D13497 /* Frameworks */,
				CE7D574B296AED4400D13497 /* Resources */,
			);
			buildRules = (
			);
			dependencies = (
				CE7D574F296AED4400D13497 /* PBXTargetDependency */,
			);
			name = RenoTrackerUITests;
			productName = RenoTrackerUITests;
			productReference = CE7D574D296AED4400D13497 /* RenoTrackerUITests.xctest */;
			productType = "com.apple.product-type.bundle.ui-testing";
		};
/* End PBXNativeTarget section */

/* Begin PBXProject section */
		CE7D572A296AED4300D13497 /* Project object */ = {
			isa = PBXProject;
			attributes = {
				BuildIndependentTargetsInParallel = 1;
				LastSwiftUpdateCheck = 1420;
				LastUpgradeCheck = 1420;
				TargetAttributes = {
					CE7D5731296AED4300D13497 = {
						CreatedOnToolsVersion = 14.2;
					};
					CE7D5742296AED4400D13497 = {
						CreatedOnToolsVersion = 14.2;
						TestTargetID = CE7D5731296AED4300D13497;
					};
					CE7D574C296AED4400D13497 = {
						CreatedOnToolsVersion = 14.2;
						TestTargetID = CE7D5731296AED4300D13497;
					};
				};
			};
			buildConfigurationList = CE7D572D296AED4300D13497 /* Build configuration list for PBXProject "RenoTracker" */;
			compatibilityVersion = "Xcode 14.0";
			developmentRegion = en;
			hasScannedForEncodings = 0;
			knownRegions = (
				en,
				Base,
			);
			mainGroup = CE7D5729296AED4300D13497;
			productRefGroup = CE7D5733296AED4300D13497 /* Products */;
			projectDirPath = "";
			projectRoot = "";
			targets = (
				CE7D5731296AED4300D13497 /* RenoTracker */,
				CE7D5742296AED4400D13497 /* RenoTrackerTests */,
				CE7D574C296AED4400D13497 /* RenoTrackerUITests */,
			);
		};
/* End PBXProject section */

/* Begin PBXResourcesBuildPhase section */
		CE7D5730296AED4300D13497 /* Resources */ = {
			isa = PBXResourcesBuildPhase;
			buildActionMask = 2147483647;
			files = (
				CE7D573E296AED4400D13497 /* Preview Assets.xcassets in Resources */,
				CE7D573A296AED4400D13497 /* Assets.xcassets in Resources */,
			);
			runOnlyForDeploymentPostprocessing = 0;
		};
		CE7D5741296AED4400D13497 /* Resources */ = {
			isa = PBXResourcesBuildPhase;
			buildActionMask = 2147483647;
			files = (
			);
			runOnlyForDeploymentPostprocessing = 0;
		};
		CE7D574B296AED4400D13497 /* Resources */ = {
			isa = PBXResourcesBuildPhase;
			buildActionMask = 2147483647;
			files = (
			);
			runOnlyForDeploymentPostprocessing = 0;
		};
/* End PBXResourcesBuildPhase section */

/* Begin PBXSourcesBuildPhase section */
		CE7D572E296AED4300D13497 /* Sources */ = {
			isa = PBXSourcesBuildPhase;
			buildActionMask = 2147483647;
			files = (
				CE7D5738296AED4300D13497 /* ContentView.swift in Sources */,
				CE7D5736296AED4300D13497 /* RenoTrackerApp.swift in Sources */,
			);
			runOnlyForDeploymentPostprocessing = 0;
		};
		CE7D573F296AED4400D13497 /* Sources */ = {
			isa = PBXSourcesBuildPhase;
			buildActionMask = 2147483647;
			files = (
				CE7D5748296AED4400D13497 /* RenoTrackerTests.swift in Sources */,
			);
			runOnlyForDeploymentPostprocessing = 0;
		};
		CE7D5749296AED4400D13497 /* Sources */ = {
			isa = PBXSourcesBuildPhase;
			buildActionMask = 2147483647;
			files = (
				CE7D5752296AED4400D13497 /* RenoTrackerUITests.swift in Sources */,
				CE7D5754296AED4400D13497 /* RenoTrackerUITestsLaunchTests.swift in Sources */,
			);
			runOnlyForDeploymentPostprocessing = 0;
		};
/* End PBXSourcesBuildPhase section */

/* Begin PBXTargetDependency section */
		CE7D5745296AED4400D13497 /* PBXTargetDependency */ = {
			isa = PBXTargetDependency;
			target = CE7D5731296AED4300D13497 /* RenoTracker */;
			targetProxy = CE7D5744296AED4400D13497 /* PBXContainerItemProxy */;
		};
		CE7D574F296AED4400D13497 /* PBXTargetDependency */ = {
			isa = PBXTargetDependency;
			target = CE7D5731296AED4300D13497 /* RenoTracker */;
			targetProxy = CE7D574E296AED4400D13497 /* PBXContainerItemProxy */;
		};
/* End PBXTargetDependency section */

/* Begin XCBuildConfiguration section */
		CE7D5755296AED4400D13497 /* Debug */ = {
			isa = XCBuildConfiguration;
			buildSettings = {
				ALWAYS_SEARCH_USER_PATHS = NO;
				CLANG_ANALYZER_NONNULL = YES;
				CLANG_ANALYZER_NUMBER_OBJECT_CONVERSION = YES_AGGRESSIVE;
				CLANG_CXX_LANGUAGE_STANDARD = "gnu++20";
				CLANG_ENABLE_MODULES = YES;
				CLANG_ENABLE_OBJC_ARC = YES;
				CLANG_ENABLE_OBJC_WEAK = YES;
				CLANG_WARN_BLOCK_CAPTURE_AUTORELEASING = YES;
				CLANG_WARN_BOOL_CONVERSION = YES;
				CLANG_WARN_COMMA = YES;
				CLANG_WARN_CONSTANT_CONVERSION = YES;
				CLANG_WARN_DEPRECATED_OBJC_IMPLEMENTATIONS = YES;
				CLANG_WARN_DIRECT_OBJC_ISA_USAGE = YES_ERROR;
				CLANG_WARN_DOCUMENTATION_COMMENTS = YES;
				CLANG_WARN_EMPTY_BODY = YES;
				CLANG_WARN_ENUM_CONVERSION = YES;
				CLANG_WARN_INFINITE_RECURSION = YES;
				CLANG_WARN_INT_CONVERSION = YES;
				CLANG_WARN_NON_LITERAL_NULL_CONVERSION = YES;
				CLANG_WARN_OBJC_IMPLICIT_RETAIN_SELF = YES;
				CLANG_WARN_OBJC_LITERAL_CONVERSION = YES;
				CLANG_WARN_OBJC_ROOT_CLASS = YES_ERROR;
				CLANG_WARN_QUOTED_INCLUDE_IN_FRAMEWORK_HEADER = YES;
				CLANG_WARN_RANGE_LOOP_ANALYSIS = YES;
				CLANG_WARN_STRICT_PROTOTYPES = YES;
				CLANG_WARN_SUSPICIOUS_MOVE = YES;
				CLANG_WARN_UNGUARDED_AVAILABILITY = YES_AGGRESSIVE;
				CLANG_WARN_UNREACHABLE_CODE = YES;
				CLANG_WARN__DUPLICATE_METHOD_MATCH = YES;
				COPY_PHASE_STRIP = NO;
				DEBUG_INFORMATION_FORMAT = dwarf;
				ENABLE_STRICT_OBJC_MSGSEND = YES;
				ENABLE_TESTABILITY = YES;
				GCC_C_LANGUAGE_STANDARD = gnu11;
				GCC_DYNAMIC_NO_PIC = NO;
				GCC_NO_COMMON_BLOCKS = YES;
				GCC_OPTIMIZATION_LEVEL = 0;
				GCC_PREPROCESSOR_DEFINITIONS = (
					"DEBUG=1",
					"$(inherited)",
				);
				GCC_WARN_64_TO_32_BIT_CONVERSION = YES;
				GCC_WARN_ABOUT_RETURN_TYPE = YES_ERROR;
				GCC_WARN_UNDECLARED_SELECTOR = YES;
				GCC_WARN_UNINITIALIZED_AUTOS = YES_AGGRESSIVE;
				GCC_WARN_UNUSED_FUNCTION = YES;
				GCC_WARN_UNUSED_VARIABLE = YES;
				MTL_ENABLE_DEBUG_INFO = INCLUDE_SOURCE;
				MTL_FAST_MATH = YES;
				ONLY_ACTIVE_ARCH = YES;
				SWIFT_ACTIVE_COMPILATION_CONDITIONS = DEBUG;
				SWIFT_OPTIMIZATION_LEVEL = "-Onone";
			};
			name = Debug;
		};
		CE7D5756296AED4400D13497 /* Release */ = {
			isa = XCBuildConfiguration;
			buildSettings = {
				ALWAYS_SEARCH_USER_PATHS = NO;
				CLANG_ANALYZER_NONNULL = YES;
				CLANG_ANALYZER_NUMBER_OBJECT_CONVERSION = YES_AGGRESSIVE;
				CLANG_CXX_LANGUAGE_STANDARD = "gnu++20";
				CLANG_ENABLE_MODULES = YES;
				CLANG_ENABLE_OBJC_ARC = YES;
				CLANG_ENABLE_OBJC_WEAK = YES;
				CLANG_WARN_BLOCK_CAPTURE_AUTORELEASING = YES;
				CLANG_WARN_BOOL_CONVERSION = YES;
				CLANG_WARN_COMMA = YES;
				CLANG_WARN_CONSTANT_CONVERSION = YES;
				CLANG_WARN_DEPRECATED_OBJC_IMPLEMENTATIONS = YES;
				CLANG_WARN_DIRECT_OBJC_ISA_USAGE = YES_ERROR;
				CLANG_WARN_DOCUMENTATION_COMMENTS = YES;
				CLANG_WARN_EMPTY_BODY = YES;
				CLANG_WARN_ENUM_CONVERSION = YES;
				CLANG_WARN_INFINITE_RECURSION = YES;
				CLANG_WARN_INT_CONVERSION = YES;
				CLANG_WARN_NON_LITERAL_NULL_CONVERSION = YES;
				CLANG_WARN_OBJC_IMPLICIT_RETAIN_SELF = YES;
				CLANG_WARN_OBJC_LITERAL_CONVERSION = YES;
				CLANG_WARN_OBJC_ROOT_CLASS = YES_ERROR;
				CLANG_WARN_QUOTED_INCLUDE_IN_FRAMEWORK_HEADER = YES;
				CLANG_WARN_RANGE_LOOP_ANALYSIS = YES;
				CLANG_WARN_STRICT_PROTOTYPES = YES;
				CLANG_WARN_SUSPICIOUS_MOVE = YES;
				CLANG_WARN_UNGUARDED_AVAILABILITY = YES_AGGRESSIVE;
				CLANG_WARN_UNREACHABLE_CODE = YES;
				CLANG_WARN__DUPLICATE_METHOD_MATCH = YES;
				COPY_PHASE_STRIP = NO;
				DEBUG_INFORMATION_FORMAT = "dwarf-with-dsym";
				ENABLE_NS_ASSERTIONS = NO;
				ENABLE_STRICT_OBJC_MSGSEND = YES;
				GCC_C_LANGUAGE_STANDARD = gnu11;
				GCC_NO_COMMON_BLOCKS = YES;
				GCC_WARN_64_TO_32_BIT_CONVERSION = YES;
				GCC_WARN_ABOUT_RETURN_TYPE = YES_ERROR;
				GCC_WARN_UNDECLARED_SELECTOR = YES;
				GCC_WARN_UNINITIALIZED_AUTOS = YES_AGGRESSIVE;
				GCC_WARN_UNUSED_FUNCTION = YES;
				GCC_WARN_UNUSED_VARIABLE = YES;
				MTL_ENABLE_DEBUG_INFO = NO;
				MTL_FAST_MATH = YES;
				SWIFT_COMPILATION_MODE = wholemodule;
				SWIFT_OPTIMIZATION_LEVEL = "-O";
			};
			name = Release;
		};
		CE7D5758296AED4400D13497 /* Debug */ = {
			isa = XCBuildConfiguration;
			buildSettings = {
				ASSETCATALOG_COMPILER_APPICON_NAME = AppIcon;
				ASSETCATALOG_COMPILER_GLOBAL_ACCENT_COLOR_NAME = AccentColor;
				CODE_SIGN_ENTITLEMENTS = RenoTracker/RenoTracker.entitlements;
				CODE_SIGN_STYLE = Automatic;
				CURRENT_PROJECT_VERSION = 1;
				DEVELOPMENT_ASSET_PATHS = "\"RenoTracker/Preview Content\"";
				ENABLE_PREVIEWS = YES;
				GENERATE_INFOPLIST_FILE = YES;
				"INFOPLIST_KEY_UIApplicationSceneManifest_Generation[sdk=iphoneos*]" = YES;
				"INFOPLIST_KEY_UIApplicationSceneManifest_Generation[sdk=iphonesimulator*]" = YES;
				"INFOPLIST_KEY_UIApplicationSupportsIndirectInputEvents[sdk=iphoneos*]" = YES;
				"INFOPLIST_KEY_UIApplicationSupportsIndirectInputEvents[sdk=iphonesimulator*]" = YES;
				"INFOPLIST_KEY_UILaunchScreen_Generation[sdk=iphoneos*]" = YES;
				"INFOPLIST_KEY_UILaunchScreen_Generation[sdk=iphonesimulator*]" = YES;
				"INFOPLIST_KEY_UIStatusBarStyle[sdk=iphoneos*]" = UIStatusBarStyleDefault;
				"INFOPLIST_KEY_UIStatusBarStyle[sdk=iphonesimulator*]" = UIStatusBarStyleDefault;
				INFOPLIST_KEY_UISupportedInterfaceOrientations_iPad = "UIInterfaceOrientationPortrait UIInterfaceOrientationPortraitUpsideDown UIInterfaceOrientationLandscapeLeft UIInterfaceOrientationLandscapeRight";
				INFOPLIST_KEY_UISupportedInterfaceOrientations_iPhone = "UIInterfaceOrientationPortrait UIInterfaceOrientationLandscapeLeft UIInterfaceOrientationLandscapeRight";
				IPHONEOS_DEPLOYMENT_TARGET = 16.2;
				LD_RUNPATH_SEARCH_PATHS = "@executable_path/Frameworks";
				"LD_RUNPATH_SEARCH_PATHS[sdk=macosx*]" = "@executable_path/../Frameworks";
				MACOSX_DEPLOYMENT_TARGET = 13.1;
				MARKETING_VERSION = 1.0;
				PRODUCT_BUNDLE_IDENTIFIER = com.example.RenoTracker;
				PRODUCT_NAME = "$(TARGET_NAME)";
				SDKROOT = auto;
				SUPPORTED_PLATFORMS = "iphoneos iphonesimulator macosx";
				SWIFT_EMIT_LOC_STRINGS = YES;
				SWIFT_VERSION = 5.0;
				TARGETED_DEVICE_FAMILY = "1,2";
			};
			name = Debug;
		};
		CE7D5759296AED4400D13497 /* Release */ = {
			isa = XCBuildConfiguration;
			buildSettings = {
				ASSETCATALOG_COMPILER_APPICON_NAME = AppIcon;
				ASSETCATALOG_COMPILER_GLOBAL_ACCENT_COLOR_NAME = AccentColor;
				CODE_SIGN_ENTITLEMENTS = RenoTracker/RenoTracker.entitlements;
				CODE_SIGN_STYLE = Automatic;
				CURRENT_PROJECT_VERSION = 1;
				DEVELOPMENT_ASSET_PATHS = "\"RenoTracker/Preview Content\"";
				ENABLE_PREVIEWS = YES;
				GENERATE_INFOPLIST_FILE = YES;
				"INFOPLIST_KEY_UIApplicationSceneManifest_Generation[sdk=iphoneos*]" = YES;
				"INFOPLIST_KEY_UIApplicationSceneManifest_Generation[sdk=iphonesimulator*]" = YES;
				"INFOPLIST_KEY_UIApplicationSupportsIndirectInputEvents[sdk=iphoneos*]" = YES;
				"INFOPLIST_KEY_UIApplicationSupportsIndirectInputEvents[sdk=iphonesimulator*]" = YES;
				"INFOPLIST_KEY_UILaunchScreen_Generation[sdk=iphoneos*]" = YES;
				"INFOPLIST_KEY_UILaunchScreen_Generation[sdk=iphonesimulator*]" = YES;
				"INFOPLIST_KEY_UIStatusBarStyle[sdk=iphoneos*]" = UIStatusBarStyleDefault;
				"INFOPLIST_KEY_UIStatusBarStyle[sdk=iphonesimulator*]" = UIStatusBarStyleDefault;
				INFOPLIST_KEY_UISupportedInterfaceOrientations_iPad = "UIInterfaceOrientationPortrait UIInterfaceOrientationPortraitUpsideDown UIInterfaceOrientationLandscapeLeft UIInterfaceOrientationLandscapeRight";
				INFOPLIST_KEY_UISupportedInterfaceOrientations_iPhone = "UIInterfaceOrientationPortrait UIInterfaceOrientationLandscapeLeft UIInterfaceOrientationLandscapeRight";
				IPHONEOS_DEPLOYMENT_TARGET = 16.2;
				LD_RUNPATH_SEARCH_PATHS = "@executable_path/Frameworks";
				"LD_RUNPATH_SEARCH_PATHS[sdk=macosx*]" = "@executable_path/../Frameworks";
				MACOSX_DEPLOYMENT_TARGET = 13.1;
				MARKETING_VERSION = 1.0;
				PRODUCT_BUNDLE_IDENTIFIER = com.example.RenoTracker;
				PRODUCT_NAME = "$(TARGET_NAME)";
				SDKROOT = auto;
				SUPPORTED_PLATFORMS = "iphoneos iphonesimulator macosx";
				SWIFT_EMIT_LOC_STRINGS = YES;
				SWIFT_VERSION = 5.0;
				TARGETED_DEVICE_FAMILY = "1,2";
			};
			name = Release;
		};
		CE7D575B296AED4400D13497 /* Debug */ = {
			isa = XCBuildConfiguration;
			buildSettings = {
				ALWAYS_EMBED_SWIFT_STANDARD_LIBRARIES = YES;
				BUNDLE_LOADER = "$(TEST_HOST)";
				CODE_SIGN_STYLE = Automatic;
				CURRENT_PROJECT_VERSION = 1;
				GENERATE_INFOPLIST_FILE = YES;
				IPHONEOS_DEPLOYMENT_TARGET = 16.2;
				MACOSX_DEPLOYMENT_TARGET = 13.1;
				MARKETING_VERSION = 1.0;
				PRODUCT_BUNDLE_IDENTIFIER = com.example.RenoTrackerTests;
				PRODUCT_NAME = "$(TARGET_NAME)";
				SDKROOT = auto;
				SUPPORTED_PLATFORMS = "iphoneos iphonesimulator macosx";
				SWIFT_EMIT_LOC_STRINGS = NO;
				SWIFT_VERSION = 5.0;
				TARGETED_DEVICE_FAMILY = "1,2";
				TEST_HOST = "$(BUILT_PRODUCTS_DIR)/RenoTracker.app/$(BUNDLE_EXECUTABLE_FOLDER_PATH)/RenoTracker";
			};
			name = Debug;
		};
		CE7D575C296AED4400D13497 /* Release */ = {
			isa = XCBuildConfiguration;
			buildSettings = {
				ALWAYS_EMBED_SWIFT_STANDARD_LIBRARIES = YES;
				BUNDLE_LOADER = "$(TEST_HOST)";
				CODE_SIGN_STYLE = Automatic;
				CURRENT_PROJECT_VERSION = 1;
				GENERATE_INFOPLIST_FILE = YES;
				IPHONEOS_DEPLOYMENT_TARGET = 16.2;
				MACOSX_DEPLOYMENT_TARGET = 13.1;
				MARKETING_VERSION = 1.0;
				PRODUCT_BUNDLE_IDENTIFIER = com.example.RenoTrackerTests;
				PRODUCT_NAME = "$(TARGET_NAME)";
				SDKROOT = auto;
				SUPPORTED_PLATFORMS = "iphoneos iphonesimulator macosx";
				SWIFT_EMIT_LOC_STRINGS = NO;
				SWIFT_VERSION = 5.0;
				TARGETED_DEVICE_FAMILY = "1,2";
				TEST_HOST = "$(BUILT_PRODUCTS_DIR)/RenoTracker.app/$(BUNDLE_EXECUTABLE_FOLDER_PATH)/RenoTracker";
			};
			name = Release;
		};
		CE7D575E296AED4400D13497 /* Debug */ = {
			isa = XCBuildConfiguration;
			buildSettings = {
				ALWAYS_EMBED_SWIFT_STANDARD_LIBRARIES = YES;
				CODE_SIGN_STYLE = Automatic;
				CURRENT_PROJECT_VERSION = 1;
				GENERATE_INFOPLIST_FILE = YES;
				IPHONEOS_DEPLOYMENT_TARGET = 16.2;
				MACOSX_DEPLOYMENT_TARGET = 13.1;
				MARKETING_VERSION = 1.0;
				PRODUCT_BUNDLE_IDENTIFIER = com.example.RenoTrackerUITests;
				PRODUCT_NAME = "$(TARGET_NAME)";
				SDKROOT = auto;
				SUPPORTED_PLATFORMS = "iphoneos iphonesimulator macosx";
				SWIFT_EMIT_LOC_STRINGS = NO;
				SWIFT_VERSION = 5.0;
				TARGETED_DEVICE_FAMILY = "1,2";
				TEST_TARGET_NAME = RenoTracker;
			};
			name = Debug;
		};
		CE7D575F296AED4400D13497 /* Release */ = {
			isa = XCBuildConfiguration;
			buildSettings = {
				ALWAYS_EMBED_SWIFT_STANDARD_LIBRARIES = YES;
				CODE_SIGN_STYLE = Automatic;
				CURRENT_PROJECT_VERSION = 1;
				GENERATE_INFOPLIST_FILE = YES;
				IPHONEOS_DEPLOYMENT_TARGET = 16.2;
				MACOSX_DEPLOYMENT_TARGET = 13.1;
				MARKETING_VERSION = 1.0;
				PRODUCT_BUNDLE_IDENTIFIER = com.example.RenoTrackerUITests;
				PRODUCT_NAME = "$(TARGET_NAME)";
				SDKROOT = auto;
				SUPPORTED_PLATFORMS = "iphoneos iphonesimulator macosx";
				SWIFT_EMIT_LOC_STRINGS = NO;
				SWIFT_VERSION = 5.0;
				TARGETED_DEVICE_FAMILY = "1,2";
				TEST_TARGET_NAME = RenoTracker;
			};
			name = Release;
		};
/* End XCBuildConfiguration section */

/* Begin XCConfigurationList section */
		CE7D572D296AED4300D13497 /* Build configuration list for PBXProject "RenoTracker" */ = {
			isa = XCConfigurationList;
			buildConfigurations = (
				CE7D5755296AED4400D13497 /* Debug */,
				CE7D5756296AED4400D13497 /* Release */,
			);
			defaultConfigurationIsVisible = 0;
			defaultConfigurationName = Release;
		};
		CE7D5757296AED4400D13497 /* Build configuration list for PBXNativeTarget "RenoTracker" */ = {
			isa = XCConfigurationList;
			buildConfigurations = (
				CE7D5758296AED4400D13497 /* Debug */,
				CE7D5759296AED4400D13497 /* Release */,
			);
			defaultConfigurationIsVisible = 0;
			defaultConfigurationName = Release;
		};
		CE7D575A296AED4400D13497 /* Build configuration list for PBXNativeTarget "RenoTrackerTests" */ = {
			isa = XCConfigurationList;
			buildConfigurations = (
				CE7D575B296AED4400D13497 /* Debug */,
				CE7D575C296AED4400D13497 /* Release */,
			);
			defaultConfigurationIsVisible = 0;
			defaultConfigurationName = Release;
		};
		CE7D575D296AED4400D13497 /* Build configuration list for PBXNativeTarget "RenoTrackerUITests" */ = {
			isa = XCConfigurationList;
			buildConfigurations = (
				CE7D575E296AED4400D13497 /* Debug */,
				CE7D575F296AED4400D13497 /* Release */,
			);
			defaultConfigurationIsVisible = 0;
			defaultConfigurationName = Release;
		};
/* End XCConfigurationList section */
	};
	rootObject = CE7D572A296AED4300D13497 /* Project object */;
}
